// !$*UTF8*$!
{
	archiveVersion = 1;
	classes = {
	};
	objectVersion = 77;
	objects = {

/* Begin PBXBuildFile section */
		5E605D0A2D6B481C00760497 /* Alamofire in Frameworks */ = {isa = PBXBuildFile; productRef = 5E605D092D6B481C00760497 /* Alamofire */; };
		5E605D0D2D6B484600760497 /* Kingfisher in Frameworks */ = {isa = PBXBuildFile; productRef = 5E605D0C2D6B484600760497 /* Kingfisher */; };
/* End PBXBuildFile section */

/* Begin PBXContainerItemProxy section */
		5E605B2C2D6B2A5F00760497 /* PBXContainerItemProxy */ = {
			isa = PBXContainerItemProxy;
			containerPortal = 5E605B0A2D6B2A5E00760497 /* Project object */;
			proxyType = 1;
			remoteGlobalIDString = 5E605B112D6B2A5E00760497;
			remoteInfo = Oliva_Case;
		};
		5E605B362D6B2A5F00760497 /* PBXContainerItemProxy */ = {
			isa = PBXContainerItemProxy;
			containerPortal = 5E605B0A2D6B2A5E00760497 /* Project object */;
			proxyType = 1;
			remoteGlobalIDString = 5E605B112D6B2A5E00760497;
			remoteInfo = Oliva_Case;
		};
/* End PBXContainerItemProxy section */

/* Begin PBXFileReference section */
		5E605B122D6B2A5E00760497 /* Oliva_Case.app */ = {isa = PBXFileReference; explicitFileType = wrapper.application; includeInIndex = 0; path = Oliva_Case.app; sourceTree = BUILT_PRODUCTS_DIR; };
		5E605B2B2D6B2A5F00760497 /* Oliva_CaseTests.xctest */ = {isa = PBXFileReference; explicitFileType = wrapper.cfbundle; includeInIndex = 0; path = Oliva_CaseTests.xctest; sourceTree = BUILT_PRODUCTS_DIR; };
		5E605B352D6B2A5F00760497 /* Oliva_CaseUITests.xctest */ = {isa = PBXFileReference; explicitFileType = wrapper.cfbundle; includeInIndex = 0; path = Oliva_CaseUITests.xctest; sourceTree = BUILT_PRODUCTS_DIR; };
/* End PBXFileReference section */

/* Begin PBXFileSystemSynchronizedBuildFileExceptionSet section */
		5E605B3D2D6B2A5F00760497 /* Exceptions for "Oliva_Case" folder in "Oliva_Case" target */ = {
			isa = PBXFileSystemSynchronizedBuildFileExceptionSet;
			membershipExceptions = (
				Resources/Info.plist,
			);
			target = 5E605B112D6B2A5E00760497 /* Oliva_Case */;
		};
/* End PBXFileSystemSynchronizedBuildFileExceptionSet section */

/* Begin PBXFileSystemSynchronizedRootGroup section */
		5E605B142D6B2A5E00760497 /* Oliva_Case */ = {
			isa = PBXFileSystemSynchronizedRootGroup;
			exceptions = (
				5E605B3D2D6B2A5F00760497 /* Exceptions for "Oliva_Case" folder in "Oliva_Case" target */,
			);
			path = Oliva_Case;
			sourceTree = "<group>";
		};
		5E605B2E2D6B2A5F00760497 /* Oliva_CaseTests */ = {
			isa = PBXFileSystemSynchronizedRootGroup;
			path = Oliva_CaseTests;
			sourceTree = "<group>";
		};
		5E605B382D6B2A5F00760497 /* Oliva_CaseUITests */ = {
			isa = PBXFileSystemSynchronizedRootGroup;
			path = Oliva_CaseUITests;
			sourceTree = "<group>";
		};
/* End PBXFileSystemSynchronizedRootGroup section */

/* Begin PBXFrameworksBuildPhase section */
		5E605B0F2D6B2A5E00760497 /* Frameworks */ = {
			isa = PBXFrameworksBuildPhase;
			buildActionMask = 2147483647;
			files = (
				5E605D0D2D6B484600760497 /* Kingfisher in Frameworks */,
				5E605D0A2D6B481C00760497 /* Alamofire in Frameworks */,
			);
			runOnlyForDeploymentPostprocessing = 0;
		};
		5E605B282D6B2A5F00760497 /* Frameworks */ = {
			isa = PBXFrameworksBuildPhase;
			buildActionMask = 2147483647;
			files = (
			);
			runOnlyForDeploymentPostprocessing = 0;
		};
		5E605B322D6B2A5F00760497 /* Frameworks */ = {
			isa = PBXFrameworksBuildPhase;
			buildActionMask = 2147483647;
			files = (
			);
			runOnlyForDeploymentPostprocessing = 0;
		};
/* End PBXFrameworksBuildPhase section */

/* Begin PBXGroup section */
		5E605B092D6B2A5E00760497 = {
			isa = PBXGroup;
			children = (
				5E605B142D6B2A5E00760497 /* Oliva_Case */,
				5E605B2E2D6B2A5F00760497 /* Oliva_CaseTests */,
				5E605B382D6B2A5F00760497 /* Oliva_CaseUITests */,
				5E605B132D6B2A5E00760497 /* Products */,
			);
			sourceTree = "<group>";
		};
		5E605B132D6B2A5E00760497 /* Products */ = {
			isa = PBXGroup;
			children = (
				5E605B122D6B2A5E00760497 /* Oliva_Case.app */,
				5E605B2B2D6B2A5F00760497 /* Oliva_CaseTests.xctest */,
				5E605B352D6B2A5F00760497 /* Oliva_CaseUITests.xctest */,
			);
			name = Products;
			sourceTree = "<group>";
		};
/* End PBXGroup section */

/* Begin PBXNativeTarget section */
		5E605B112D6B2A5E00760497 /* Oliva_Case */ = {
			isa = PBXNativeTarget;
			buildConfigurationList = 5E605B3E2D6B2A5F00760497 /* Build configuration list for PBXNativeTarget "Oliva_Case" */;
			buildPhases = (
				5E605B0E2D6B2A5E00760497 /* Sources */,
				5E605B0F2D6B2A5E00760497 /* Frameworks */,
				5E605B102D6B2A5E00760497 /* Resources */,
			);
			buildRules = (
			);
			dependencies = (
			);
			fileSystemSynchronizedGroups = (
				5E605B142D6B2A5E00760497 /* Oliva_Case */,
			);
			name = Oliva_Case;
			packageProductDependencies = (
				5E605D092D6B481C00760497 /* Alamofire */,
				5E605D0C2D6B484600760497 /* Kingfisher */,
			);
			productName = Oliva_Case;
			productReference = 5E605B122D6B2A5E00760497 /* Oliva_Case.app */;
			productType = "com.apple.product-type.application";
		};
		5E605B2A2D6B2A5F00760497 /* Oliva_CaseTests */ = {
			isa = PBXNativeTarget;
			buildConfigurationList = 5E605B432D6B2A5F00760497 /* Build configuration list for PBXNativeTarget "Oliva_CaseTests" */;
			buildPhases = (
				5E605B272D6B2A5F00760497 /* Sources */,
				5E605B282D6B2A5F00760497 /* Frameworks */,
				5E605B292D6B2A5F00760497 /* Resources */,
			);
			buildRules = (
			);
			dependencies = (
				5E605B2D2D6B2A5F00760497 /* PBXTargetDependency */,
			);
			fileSystemSynchronizedGroups = (
				5E605B2E2D6B2A5F00760497 /* Oliva_CaseTests */,
			);
			name = Oliva_CaseTests;
			packageProductDependencies = (
			);
			productName = Oliva_CaseTests;
			productReference = 5E605B2B2D6B2A5F00760497 /* Oliva_CaseTests.xctest */;
			productType = "com.apple.product-type.bundle.unit-test";
		};
		5E605B342D6B2A5F00760497 /* Oliva_CaseUITests */ = {
			isa = PBXNativeTarget;
			buildConfigurationList = 5E605B462D6B2A5F00760497 /* Build configuration list for PBXNativeTarget "Oliva_CaseUITests" */;
			buildPhases = (
				5E605B312D6B2A5F00760497 /* Sources */,
				5E605B322D6B2A5F00760497 /* Frameworks */,
				5E605B332D6B2A5F00760497 /* Resources */,
			);
			buildRules = (
			);
			dependencies = (
				5E605B372D6B2A5F00760497 /* PBXTargetDependency */,
			);
			fileSystemSynchronizedGroups = (
				5E605B382D6B2A5F00760497 /* Oliva_CaseUITests */,
			);
			name = Oliva_CaseUITests;
			packageProductDependencies = (
			);
			productName = Oliva_CaseUITests;
			productReference = 5E605B352D6B2A5F00760497 /* Oliva_CaseUITests.xctest */;
			productType = "com.apple.product-type.bundle.ui-testing";
		};
/* End PBXNativeTarget section */

/* Begin PBXProject section */
		5E605B0A2D6B2A5E00760497 /* Project object */ = {
			isa = PBXProject;
			attributes = {
				BuildIndependentTargetsInParallel = 1;
				LastSwiftUpdateCheck = 1600;
				LastUpgradeCheck = 1600;
				TargetAttributes = {
					5E605B112D6B2A5E00760497 = {
						CreatedOnToolsVersion = 16.0;
					};
					5E605B2A2D6B2A5F00760497 = {
						CreatedOnToolsVersion = 16.0;
						TestTargetID = 5E605B112D6B2A5E00760497;
					};
					5E605B342D6B2A5F00760497 = {
						CreatedOnToolsVersion = 16.0;
						TestTargetID = 5E605B112D6B2A5E00760497;
					};
				};
			};
			buildConfigurationList = 5E605B0D2D6B2A5E00760497 /* Build configuration list for PBXProject "Oliva_Case" */;
			developmentRegion = en;
			hasScannedForEncodings = 0;
			knownRegions = (
				en,
				Base,
			);
			mainGroup = 5E605B092D6B2A5E00760497;
			minimizedProjectReferenceProxies = 1;
			packageReferences = (
				5E605D082D6B481C00760497 /* XCRemoteSwiftPackageReference "Alamofire" */,
				5E605D0B2D6B484600760497 /* XCRemoteSwiftPackageReference "Kingfisher" */,
			);
			preferredProjectObjectVersion = 77;
			productRefGroup = 5E605B132D6B2A5E00760497 /* Products */;
			projectDirPath = "";
			projectRoot = "";
			targets = (
				5E605B112D6B2A5E00760497 /* Oliva_Case */,
				5E605B2A2D6B2A5F00760497 /* Oliva_CaseTests */,
				5E605B342D6B2A5F00760497 /* Oliva_CaseUITests */,
			);
		};
/* End PBXProject section */

/* Begin PBXResourcesBuildPhase section */
		5E605B102D6B2A5E00760497 /* Resources */ = {
			isa = PBXResourcesBuildPhase;
			buildActionMask = 2147483647;
			files = (
			);
			runOnlyForDeploymentPostprocessing = 0;
		};
		5E605B292D6B2A5F00760497 /* Resources */ = {
			isa = PBXResourcesBuildPhase;
			buildActionMask = 2147483647;
			files = (
			);
			runOnlyForDeploymentPostprocessing = 0;
		};
		5E605B332D6B2A5F00760497 /* Resources */ = {
			isa = PBXResourcesBuildPhase;
			buildActionMask = 2147483647;
			files = (
			);
			runOnlyForDeploymentPostprocessing = 0;
		};
/* End PBXResourcesBuildPhase section */

/* Begin PBXSourcesBuildPhase section */
		5E605B0E2D6B2A5E00760497 /* Sources */ = {
			isa = PBXSourcesBuildPhase;
			buildActionMask = 2147483647;
			files = (
			);
			runOnlyForDeploymentPostprocessing = 0;
		};
		5E605B272D6B2A5F00760497 /* Sources */ = {
			isa = PBXSourcesBuildPhase;
			buildActionMask = 2147483647;
			files = (
			);
			runOnlyForDeploymentPostprocessing = 0;
		};
		5E605B312D6B2A5F00760497 /* Sources */ = {
			isa = PBXSourcesBuildPhase;
			buildActionMask = 2147483647;
			files = (
			);
			runOnlyForDeploymentPostprocessing = 0;
		};
/* End PBXSourcesBuildPhase section */

/* Begin PBXTargetDependency section */
		5E605B2D2D6B2A5F00760497 /* PBXTargetDependency */ = {
			isa = PBXTargetDependency;
			target = 5E605B112D6B2A5E00760497 /* Oliva_Case */;
			targetProxy = 5E605B2C2D6B2A5F00760497 /* PBXContainerItemProxy */;
		};
		5E605B372D6B2A5F00760497 /* PBXTargetDependency */ = {
			isa = PBXTargetDependency;
			target = 5E605B112D6B2A5E00760497 /* Oliva_Case */;
			targetProxy = 5E605B362D6B2A5F00760497 /* PBXContainerItemProxy */;
		};
/* End PBXTargetDependency section */

/* Begin XCBuildConfiguration section */
		5E605B3F2D6B2A5F00760497 /* Debug */ = {
			isa = XCBuildConfiguration;
			buildSettings = {
				ASSETCATALOG_COMPILER_APPICON_NAME = AppIcon;
				ASSETCATALOG_COMPILER_GLOBAL_ACCENT_COLOR_NAME = AccentColor;
				CODE_SIGN_STYLE = Automatic;
				CURRENT_PROJECT_VERSION = 1;
				DEVELOPMENT_TEAM = 2B2355P26S;
				GENERATE_INFOPLIST_FILE = YES;
				INFOPLIST_FILE = Oliva_Case/Resources/Info.plist;
				INFOPLIST_KEY_UIApplicationSupportsIndirectInputEvents = YES;
				INFOPLIST_KEY_UILaunchStoryboardName = LaunchScreen;
				INFOPLIST_KEY_UIMainStoryboardFile = Main;
				INFOPLIST_KEY_UISupportedInterfaceOrientations = UIInterfaceOrientationPortrait;
				IPHONEOS_DEPLOYMENT_TARGET = 13.0;
				LD_RUNPATH_SEARCH_PATHS = (
					"$(inherited)",
					"@executable_path/Frameworks",
				);
				MARKETING_VERSION = 1.0.0;
				PRODUCT_BUNDLE_IDENTIFIER = "com.ilkaysever.Oliva-Case";
				PRODUCT_NAME = "$(TARGET_NAME)";
				SWIFT_EMIT_LOC_STRINGS = YES;
				SWIFT_VERSION = 5.0;
				TARGETED_DEVICE_FAMILY = "1,2";
			};
			name = Debug;
		};
		5E605B402D6B2A5F00760497 /* Release */ = {
			isa = XCBuildConfiguration;
			buildSettings = {
				ASSETCATALOG_COMPILER_APPICON_NAME = AppIcon;
				ASSETCATALOG_COMPILER_GLOBAL_ACCENT_COLOR_NAME = AccentColor;
				CODE_SIGN_STYLE = Automatic;
				CURRENT_PROJECT_VERSION = 1;
				DEVELOPMENT_TEAM = 2B2355P26S;
				GENERATE_INFOPLIST_FILE = YES;
				INFOPLIST_FILE = Oliva_Case/Resources/Info.plist;
				INFOPLIST_KEY_UIApplicationSupportsIndirectInputEvents = YES;
				INFOPLIST_KEY_UILaunchStoryboardName = LaunchScreen;
				INFOPLIST_KEY_UIMainStoryboardFile = Main;
				INFOPLIST_KEY_UISupportedInterfaceOrientations = UIInterfaceOrientationPortrait;
				IPHONEOS_DEPLOYMENT_TARGET = 13.0;
				LD_RUNPATH_SEARCH_PATHS = (
					"$(inherited)",
					"@executable_path/Frameworks",
				);
				MARKETING_VERSION = 1.0.0;
				PRODUCT_BUNDLE_IDENTIFIER = "com.ilkaysever.Oliva-Case";
				PRODUCT_NAME = "$(TARGET_NAME)";
				SWIFT_EMIT_LOC_STRINGS = YES;
				SWIFT_VERSION = 5.0;
				TARGETED_DEVICE_FAMILY = "1,2";
			};
			name = Release;
		};
		5E605B412D6B2A5F00760497 /* Debug */ = {
			isa = XCBuildConfiguration;
			buildSettings = {
				ALWAYS_SEARCH_USER_PATHS = NO;
				ASSETCATALOG_COMPILER_GENERATE_SWIFT_ASSET_SYMBOL_EXTENSIONS = YES;
				CLANG_ANALYZER_NONNULL = YES;
				CLANG_ANALYZER_NUMBER_OBJECT_CONVERSION = YES_AGGRESSIVE;
				CLANG_CXX_LANGUAGE_STANDARD = "gnu++20";
				CLANG_ENABLE_MODULES = YES;
				CLANG_ENABLE_OBJC_ARC = YES;
				CLANG_ENABLE_OBJC_WEAK = YES;
				CLANG_WARN_BLOCK_CAPTURE_AUTORELEASING = YES;
				CLANG_WARN_BOOL_CONVERSION = YES;
				CLANG_WARN_COMMA = YES;
				CLANG_WARN_CONSTANT_CONVERSION = YES;
				CLANG_WARN_DEPRECATED_OBJC_IMPLEMENTATIONS = YES;
				CLANG_WARN_DIRECT_OBJC_ISA_USAGE = YES_ERROR;
				CLANG_WARN_DOCUMENTATION_COMMENTS = YES;
				CLANG_WARN_EMPTY_BODY = YES;
				CLANG_WARN_ENUM_CONVERSION = YES;
				CLANG_WARN_INFINITE_RECURSION = YES;
				CLANG_WARN_INT_CONVERSION = YES;
				CLANG_WARN_NON_LITERAL_NULL_CONVERSION = YES;
				CLANG_WARN_OBJC_IMPLICIT_RETAIN_SELF = YES;
				CLANG_WARN_OBJC_LITERAL_CONVERSION = YES;
				CLANG_WARN_OBJC_ROOT_CLASS = YES_ERROR;
				CLANG_WARN_QUOTED_INCLUDE_IN_FRAMEWORK_HEADER = YES;
				CLANG_WARN_RANGE_LOOP_ANALYSIS = YES;
				CLANG_WARN_STRICT_PROTOTYPES = YES;
				CLANG_WARN_SUSPICIOUS_MOVE = YES;
				CLANG_WARN_UNGUARDED_AVAILABILITY = YES_AGGRESSIVE;
				CLANG_WARN_UNREACHABLE_CODE = YES;
				CLANG_WARN__DUPLICATE_METHOD_MATCH = YES;
				COPY_PHASE_STRIP = NO;
				DEBUG_INFORMATION_FORMAT = dwarf;
				ENABLE_STRICT_OBJC_MSGSEND = YES;
				ENABLE_TESTABILITY = YES;
				ENABLE_USER_SCRIPT_SANDBOXING = YES;
				GCC_C_LANGUAGE_STANDARD = gnu17;
				GCC_DYNAMIC_NO_PIC = NO;
				GCC_NO_COMMON_BLOCKS = YES;
				GCC_OPTIMIZATION_LEVEL = 0;
				GCC_PREPROCESSOR_DEFINITIONS = (
					"DEBUG=1",
					"$(inherited)",
				);
				GCC_WARN_64_TO_32_BIT_CONVERSION = YES;
				GCC_WARN_ABOUT_RETURN_TYPE = YES_ERROR;
				GCC_WARN_UNDECLARED_SELECTOR = YES;
				GCC_WARN_UNINITIALIZED_AUTOS = YES_AGGRESSIVE;
				GCC_WARN_UNUSED_FUNCTION = YES;
				GCC_WARN_UNUSED_VARIABLE = YES;
				IPHONEOS_DEPLOYMENT_TARGET = 18.0;
				LOCALIZATION_PREFERS_STRING_CATALOGS = YES;
				MTL_ENABLE_DEBUG_INFO = INCLUDE_SOURCE;
				MTL_FAST_MATH = YES;
				ONLY_ACTIVE_ARCH = YES;
				SDKROOT = iphoneos;
				SWIFT_ACTIVE_COMPILATION_CONDITIONS = "DEBUG $(inherited)";
				SWIFT_OPTIMIZATION_LEVEL = "-Onone";
			};
			name = Debug;
		};
		5E605B422D6B2A5F00760497 /* Release */ = {
			isa = XCBuildConfiguration;
			buildSettings = {
				ALWAYS_SEARCH_USER_PATHS = NO;
				ASSETCATALOG_COMPILER_GENERATE_SWIFT_ASSET_SYMBOL_EXTENSIONS = YES;
				CLANG_ANALYZER_NONNULL = YES;
				CLANG_ANALYZER_NUMBER_OBJECT_CONVERSION = YES_AGGRESSIVE;
				CLANG_CXX_LANGUAGE_STANDARD = "gnu++20";
				CLANG_ENABLE_MODULES = YES;
				CLANG_ENABLE_OBJC_ARC = YES;
				CLANG_ENABLE_OBJC_WEAK = YES;
				CLANG_WARN_BLOCK_CAPTURE_AUTORELEASING = YES;
				CLANG_WARN_BOOL_CONVERSION = YES;
				CLANG_WARN_COMMA = YES;
				CLANG_WARN_CONSTANT_CONVERSION = YES;
				CLANG_WARN_DEPRECATED_OBJC_IMPLEMENTATIONS = YES;
				CLANG_WARN_DIRECT_OBJC_ISA_USAGE = YES_ERROR;
				CLANG_WARN_DOCUMENTATION_COMMENTS = YES;
				CLANG_WARN_EMPTY_BODY = YES;
				CLANG_WARN_ENUM_CONVERSION = YES;
				CLANG_WARN_INFINITE_RECURSION = YES;
				CLANG_WARN_INT_CONVERSION = YES;
				CLANG_WARN_NON_LITERAL_NULL_CONVERSION = YES;
				CLANG_WARN_OBJC_IMPLICIT_RETAIN_SELF = YES;
				CLANG_WARN_OBJC_LITERAL_CONVERSION = YES;
				CLANG_WARN_OBJC_ROOT_CLASS = YES_ERROR;
				CLANG_WARN_QUOTED_INCLUDE_IN_FRAMEWORK_HEADER = YES;
				CLANG_WARN_RANGE_LOOP_ANALYSIS = YES;
				CLANG_WARN_STRICT_PROTOTYPES = YES;
				CLANG_WARN_SUSPICIOUS_MOVE = YES;
				CLANG_WARN_UNGUARDED_AVAILABILITY = YES_AGGRESSIVE;
				CLANG_WARN_UNREACHABLE_CODE = YES;
				CLANG_WARN__DUPLICATE_METHOD_MATCH = YES;
				COPY_PHASE_STRIP = NO;
				DEBUG_INFORMATION_FORMAT = "dwarf-with-dsym";
				ENABLE_NS_ASSERTIONS = NO;
				ENABLE_STRICT_OBJC_MSGSEND = YES;
				ENABLE_USER_SCRIPT_SANDBOXING = YES;
				GCC_C_LANGUAGE_STANDARD = gnu17;
				GCC_NO_COMMON_BLOCKS = YES;
				GCC_WARN_64_TO_32_BIT_CONVERSION = YES;
				GCC_WARN_ABOUT_RETURN_TYPE = YES_ERROR;
				GCC_WARN_UNDECLARED_SELECTOR = YES;
				GCC_WARN_UNINITIALIZED_AUTOS = YES_AGGRESSIVE;
				GCC_WARN_UNUSED_FUNCTION = YES;
				GCC_WARN_UNUSED_VARIABLE = YES;
				IPHONEOS_DEPLOYMENT_TARGET = 18.0;
				LOCALIZATION_PREFERS_STRING_CATALOGS = YES;
				MTL_ENABLE_DEBUG_INFO = NO;
				MTL_FAST_MATH = YES;
				SDKROOT = iphoneos;
				SWIFT_COMPILATION_MODE = wholemodule;
				VALIDATE_PRODUCT = YES;
			};
			name = Release;
		};
		5E605B442D6B2A5F00760497 /* Debug */ = {
			isa = XCBuildConfiguration;
			buildSettings = {
				BUNDLE_LOADER = "$(TEST_HOST)";
				CODE_SIGN_STYLE = Automatic;
				CURRENT_PROJECT_VERSION = 1;
				DEVELOPMENT_TEAM = 2B2355P26S;
				GENERATE_INFOPLIST_FILE = YES;
				IPHONEOS_DEPLOYMENT_TARGET = 18.0;
				MARKETING_VERSION = 1.0;
				PRODUCT_BUNDLE_IDENTIFIER = "com.ilkaysever.Oliva-CaseTests";
				PRODUCT_NAME = "$(TARGET_NAME)";
				SWIFT_EMIT_LOC_STRINGS = NO;
				SWIFT_VERSION = 5.0;
				TARGETED_DEVICE_FAMILY = "1,2";
				TEST_HOST = "$(BUILT_PRODUCTS_DIR)/Oliva_Case.app/$(BUNDLE_EXECUTABLE_FOLDER_PATH)/Oliva_Case";
			};
			name = Debug;
		};
		5E605B452D6B2A5F00760497 /* Release */ = {
			isa = XCBuildConfiguration;
			buildSettings = {
				BUNDLE_LOADER = "$(TEST_HOST)";
				CODE_SIGN_STYLE = Automatic;
				CURRENT_PROJECT_VERSION = 1;
				DEVELOPMENT_TEAM = 2B2355P26S;
				GENERATE_INFOPLIST_FILE = YES;
				IPHONEOS_DEPLOYMENT_TARGET = 18.0;
				MARKETING_VERSION = 1.0;
				PRODUCT_BUNDLE_IDENTIFIER = "com.ilkaysever.Oliva-CaseTests";
				PRODUCT_NAME = "$(TARGET_NAME)";
				SWIFT_EMIT_LOC_STRINGS = NO;
				SWIFT_VERSION = 5.0;
				TARGETED_DEVICE_FAMILY = "1,2";
				TEST_HOST = "$(BUILT_PRODUCTS_DIR)/Oliva_Case.app/$(BUNDLE_EXECUTABLE_FOLDER_PATH)/Oliva_Case";
			};
			name = Release;
		};
		5E605B472D6B2A5F00760497 /* Debug */ = {
			isa = XCBuildConfiguration;
			buildSettings = {
				CODE_SIGN_STYLE = Automatic;
				CURRENT_PROJECT_VERSION = 1;
				DEVELOPMENT_TEAM = 2B2355P26S;
				GENERATE_INFOPLIST_FILE = YES;
				MARKETING_VERSION = 1.0;
				PRODUCT_BUNDLE_IDENTIFIER = "com.ilkaysever.Oliva-CaseUITests";
				PRODUCT_NAME = "$(TARGET_NAME)";
				SWIFT_EMIT_LOC_STRINGS = NO;
				SWIFT_VERSION = 5.0;
				TARGETED_DEVICE_FAMILY = "1,2";
				TEST_TARGET_NAME = Oliva_Case;
			};
			name = Debug;
		};
		5E605B482D6B2A5F00760497 /* Release */ = {
			isa = XCBuildConfiguration;
			buildSettings = {
				CODE_SIGN_STYLE = Automatic;
				CURRENT_PROJECT_VERSION = 1;
				DEVELOPMENT_TEAM = 2B2355P26S;
				GENERATE_INFOPLIST_FILE = YES;
				MARKETING_VERSION = 1.0;
				PRODUCT_BUNDLE_IDENTIFIER = "com.ilkaysever.Oliva-CaseUITests";
				PRODUCT_NAME = "$(TARGET_NAME)";
				SWIFT_EMIT_LOC_STRINGS = NO;
				SWIFT_VERSION = 5.0;
				TARGETED_DEVICE_FAMILY = "1,2";
				TEST_TARGET_NAME = Oliva_Case;
			};
			name = Release;
		};
/* End XCBuildConfiguration section */

/* Begin XCConfigurationList section */
		5E605B0D2D6B2A5E00760497 /* Build configuration list for PBXProject "Oliva_Case" */ = {
			isa = XCConfigurationList;
			buildConfigurations = (
				5E605B412D6B2A5F00760497 /* Debug */,
				5E605B422D6B2A5F00760497 /* Release */,
			);
			defaultConfigurationIsVisible = 0;
			defaultConfigurationName = Release;
		};
		5E605B3E2D6B2A5F00760497 /* Build configuration list for PBXNativeTarget "Oliva_Case" */ = {
			isa = XCConfigurationList;
			buildConfigurations = (
				5E605B3F2D6B2A5F00760497 /* Debug */,
				5E605B402D6B2A5F00760497 /* Release */,
			);
			defaultConfigurationIsVisible = 0;
			defaultConfigurationName = Release;
		};
		5E605B432D6B2A5F00760497 /* Build configuration list for PBXNativeTarget "Oliva_CaseTests" */ = {
			isa = XCConfigurationList;
			buildConfigurations = (
				5E605B442D6B2A5F00760497 /* Debug */,
				5E605B452D6B2A5F00760497 /* Release */,
			);
			defaultConfigurationIsVisible = 0;
			defaultConfigurationName = Release;
		};
		5E605B462D6B2A5F00760497 /* Build configuration list for PBXNativeTarget "Oliva_CaseUITests" */ = {
			isa = XCConfigurationList;
			buildConfigurations = (
				5E605B472D6B2A5F00760497 /* Debug */,
				5E605B482D6B2A5F00760497 /* Release */,
			);
			defaultConfigurationIsVisible = 0;
			defaultConfigurationName = Release;
		};
/* End XCConfigurationList section */

/* Begin XCRemoteSwiftPackageReference section */
		5E605D082D6B481C00760497 /* XCRemoteSwiftPackageReference "Alamofire" */ = {
			isa = XCRemoteSwiftPackageReference;
			repositoryURL = "https://github.com/Alamofire/Alamofire.git";
			requirement = {
				kind = upToNextMajorVersion;
				minimumVersion = 5.10.2;
			};
		};
		5E605D0B2D6B484600760497 /* XCRemoteSwiftPackageReference "Kingfisher" */ = {
			isa = XCRemoteSwiftPackageReference;
			repositoryURL = "https://github.com/onevcat/Kingfisher.git";
			requirement = {
				kind = upToNextMajorVersion;
				minimumVersion = 8.2.0;
			};
		};
/* End XCRemoteSwiftPackageReference section */

/* Begin XCSwiftPackageProductDependency section */
		5E605D092D6B481C00760497 /* Alamofire */ = {
			isa = XCSwiftPackageProductDependency;
			package = 5E605D082D6B481C00760497 /* XCRemoteSwiftPackageReference "Alamofire" */;
			productName = Alamofire;
		};
		5E605D0C2D6B484600760497 /* Kingfisher */ = {
			isa = XCSwiftPackageProductDependency;
			package = 5E605D0B2D6B484600760497 /* XCRemoteSwiftPackageReference "Kingfisher" */;
			productName = Kingfisher;
		};
/* End XCSwiftPackageProductDependency section */
	};
	rootObject = 5E605B0A2D6B2A5E00760497 /* Project object */;
}
